
Microsoft Visual Studio Solution File, Format Version 12.00
# Visual Studio Version 16
VisualStudioVersion = 16.0.29215.179
MinimumVisualStudioVersion = 10.0.40219.1
Project("{FAE04EC0-301F-11D3-BF4B-00C04F79EFBC}") = "PasswordKeeperMvvmCross.Droid", "PasswordKeeperMvvmCross.Droid\PasswordKeeperMvvmCross.Droid.csproj", "{6607657D-70E9-4EBA-A34B-EF35E228C0D3}"
EndProject
Project("{9A19103F-16F7-4668-BE54-9A1E7A4F7556}") = "PasswordKeeperMvvmCross.Core", "PasswordKeeperMvvmCross.Core\PasswordKeeperMvvmCross.Core.csproj", "{9A2DF2D5-8878-41B4-93A1-CF9A8C588FF1}"
EndProject
Project("{FAE04EC0-301F-11D3-BF4B-00C04F79EFBC}") = "PasswordKeeperMvvmCross.iOS", "PasswordKeeperMvvmCross.iOS\PasswordKeeperMvvmCross.iOS.csproj", "{11A58F6D-F81C-4A88-A70B-6AD595E94983}"
EndProject
Project("{FAE04EC0-301F-11D3-BF4B-00C04F79EFBC}") = "PasswordKeeperMvvmCross.UWP", "PasswordKeeperMvvmCross.UWP\PasswordKeeperMvvmCross.UWP.csproj", "{B77D8C04-0B76-4CD6-840F-CC5DC704F105}"
EndProject
Project("{FAE04EC0-301F-11D3-BF4B-00C04F79EFBC}") = "PasswordKeeperMvvmCross.WPF", "PasswordKeeperMvvmCross.WPF\PasswordKeeperMvvmCross.WPF.csproj", "{FA4A1B28-452F-4B81-A266-5E3498D04EC0}"
EndProject
Global
	GlobalSection(SolutionConfigurationPlatforms) = preSolution
		Ad-Hoc|Any CPU = Ad-Hoc|Any CPU
		Ad-Hoc|ARM = Ad-Hoc|ARM
		Ad-Hoc|iPhone = Ad-Hoc|iPhone
		Ad-Hoc|iPhoneSimulator = Ad-Hoc|iPhoneSimulator
		Ad-Hoc|x64 = Ad-Hoc|x64
		Ad-Hoc|x86 = Ad-Hoc|x86
		AppStore|Any CPU = AppStore|Any CPU
		AppStore|ARM = AppStore|ARM
		AppStore|iPhone = AppStore|iPhone
		AppStore|iPhoneSimulator = AppStore|iPhoneSimulator
		AppStore|x64 = AppStore|x64
		AppStore|x86 = AppStore|x86
		Debug|Any CPU = Debug|Any CPU
		Debug|ARM = Debug|ARM
		Debug|iPhone = Debug|iPhone
		Debug|iPhoneSimulator = Debug|iPhoneSimulator
		Debug|x64 = Debug|x64
		Debug|x86 = Debug|x86
		Release|Any CPU = Release|Any CPU
		Release|ARM = Release|ARM
		Release|iPhone = Release|iPhone
		Release|iPhoneSimulator = Release|iPhoneSimulator
		Release|x64 = Release|x64
		Release|x86 = Release|x86
	EndGlobalSection
	GlobalSection(ProjectConfigurationPlatforms) = postSolution
		{6607657D-70E9-4EBA-A34B-EF35E228C0D3}.Ad-Hoc|Any CPU.ActiveCfg = Release|Any CPU
		{6607657D-70E9-4EBA-A34B-EF35E228C0D3}.Ad-Hoc|Any CPU.Build.0 = Release|Any CPU
		{6607657D-70E9-4EBA-A34B-EF35E228C0D3}.Ad-Hoc|Any CPU.Deploy.0 = Release|Any CPU
		{6607657D-70E9-4EBA-A34B-EF35E228C0D3}.Ad-Hoc|ARM.ActiveCfg = Release|Any CPU
		{6607657D-70E9-4EBA-A34B-EF35E228C0D3}.Ad-Hoc|ARM.Build.0 = Release|Any CPU
		{6607657D-70E9-4EBA-A34B-EF35E228C0D3}.Ad-Hoc|ARM.Deploy.0 = Release|Any CPU
		{6607657D-70E9-4EBA-A34B-EF35E228C0D3}.Ad-Hoc|iPhone.ActiveCfg = Release|Any CPU
		{6607657D-70E9-4EBA-A34B-EF35E228C0D3}.Ad-Hoc|iPhone.Build.0 = Release|Any CPU
		{6607657D-70E9-4EBA-A34B-EF35E228C0D3}.Ad-Hoc|iPhone.Deploy.0 = Release|Any CPU
		{6607657D-70E9-4EBA-A34B-EF35E228C0D3}.Ad-Hoc|iPhoneSimulator.ActiveCfg = Release|Any CPU
		{6607657D-70E9-4EBA-A34B-EF35E228C0D3}.Ad-Hoc|iPhoneSimulator.Build.0 = Release|Any CPU
		{6607657D-70E9-4EBA-A34B-EF35E228C0D3}.Ad-Hoc|iPhoneSimulator.Deploy.0 = Release|Any CPU
		{6607657D-70E9-4EBA-A34B-EF35E228C0D3}.Ad-Hoc|x64.ActiveCfg = Release|Any CPU
		{6607657D-70E9-4EBA-A34B-EF35E228C0D3}.Ad-Hoc|x64.Build.0 = Release|Any CPU
		{6607657D-70E9-4EBA-A34B-EF35E228C0D3}.Ad-Hoc|x64.Deploy.0 = Release|Any CPU
		{6607657D-70E9-4EBA-A34B-EF35E228C0D3}.Ad-Hoc|x86.ActiveCfg = Release|Any CPU
		{6607657D-70E9-4EBA-A34B-EF35E228C0D3}.Ad-Hoc|x86.Build.0 = Release|Any CPU
		{6607657D-70E9-4EBA-A34B-EF35E228C0D3}.Ad-Hoc|x86.Deploy.0 = Release|Any CPU
		{6607657D-70E9-4EBA-A34B-EF35E228C0D3}.AppStore|Any CPU.ActiveCfg = Release|Any CPU
		{6607657D-70E9-4EBA-A34B-EF35E228C0D3}.AppStore|Any CPU.Build.0 = Release|Any CPU
		{6607657D-70E9-4EBA-A34B-EF35E228C0D3}.AppStore|Any CPU.Deploy.0 = Release|Any CPU
		{6607657D-70E9-4EBA-A34B-EF35E228C0D3}.AppStore|ARM.ActiveCfg = Release|Any CPU
		{6607657D-70E9-4EBA-A34B-EF35E228C0D3}.AppStore|ARM.Build.0 = Release|Any CPU
		{6607657D-70E9-4EBA-A34B-EF35E228C0D3}.AppStore|ARM.Deploy.0 = Release|Any CPU
		{6607657D-70E9-4EBA-A34B-EF35E228C0D3}.AppStore|iPhone.ActiveCfg = Release|Any CPU
		{6607657D-70E9-4EBA-A34B-EF35E228C0D3}.AppStore|iPhone.Build.0 = Release|Any CPU
		{6607657D-70E9-4EBA-A34B-EF35E228C0D3}.AppStore|iPhone.Deploy.0 = Release|Any CPU
		{6607657D-70E9-4EBA-A34B-EF35E228C0D3}.AppStore|iPhoneSimulator.ActiveCfg = Release|Any CPU
		{6607657D-70E9-4EBA-A34B-EF35E228C0D3}.AppStore|iPhoneSimulator.Build.0 = Release|Any CPU
		{6607657D-70E9-4EBA-A34B-EF35E228C0D3}.AppStore|iPhoneSimulator.Deploy.0 = Release|Any CPU
		{6607657D-70E9-4EBA-A34B-EF35E228C0D3}.AppStore|x64.ActiveCfg = Release|Any CPU
		{6607657D-70E9-4EBA-A34B-EF35E228C0D3}.AppStore|x64.Build.0 = Release|Any CPU
		{6607657D-70E9-4EBA-A34B-EF35E228C0D3}.AppStore|x64.Deploy.0 = Release|Any CPU
		{6607657D-70E9-4EBA-A34B-EF35E228C0D3}.AppStore|x86.ActiveCfg = Release|Any CPU
		{6607657D-70E9-4EBA-A34B-EF35E228C0D3}.AppStore|x86.Build.0 = Release|Any CPU
		{6607657D-70E9-4EBA-A34B-EF35E228C0D3}.AppStore|x86.Deploy.0 = Release|Any CPU
		{6607657D-70E9-4EBA-A34B-EF35E228C0D3}.Debug|Any CPU.ActiveCfg = Debug|Any CPU
		{6607657D-70E9-4EBA-A34B-EF35E228C0D3}.Debug|Any CPU.Build.0 = Debug|Any CPU
		{6607657D-70E9-4EBA-A34B-EF35E228C0D3}.Debug|Any CPU.Deploy.0 = Debug|Any CPU
		{6607657D-70E9-4EBA-A34B-EF35E228C0D3}.Debug|ARM.ActiveCfg = Debug|Any CPU
		{6607657D-70E9-4EBA-A34B-EF35E228C0D3}.Debug|ARM.Build.0 = Debug|Any CPU
		{6607657D-70E9-4EBA-A34B-EF35E228C0D3}.Debug|ARM.Deploy.0 = Debug|Any CPU
		{6607657D-70E9-4EBA-A34B-EF35E228C0D3}.Debug|iPhone.ActiveCfg = Debug|Any CPU
		{6607657D-70E9-4EBA-A34B-EF35E228C0D3}.Debug|iPhone.Build.0 = Debug|Any CPU
		{6607657D-70E9-4EBA-A34B-EF35E228C0D3}.Debug|iPhone.Deploy.0 = Debug|Any CPU
		{6607657D-70E9-4EBA-A34B-EF35E228C0D3}.Debug|iPhoneSimulator.ActiveCfg = Debug|Any CPU
		{6607657D-70E9-4EBA-A34B-EF35E228C0D3}.Debug|iPhoneSimulator.Build.0 = Debug|Any CPU
		{6607657D-70E9-4EBA-A34B-EF35E228C0D3}.Debug|iPhoneSimulator.Deploy.0 = Debug|Any CPU
		{6607657D-70E9-4EBA-A34B-EF35E228C0D3}.Debug|x64.ActiveCfg = Debug|Any CPU
		{6607657D-70E9-4EBA-A34B-EF35E228C0D3}.Debug|x64.Build.0 = Debug|Any CPU
		{6607657D-70E9-4EBA-A34B-EF35E228C0D3}.Debug|x64.Deploy.0 = Debug|Any CPU
		{6607657D-70E9-4EBA-A34B-EF35E228C0D3}.Debug|x86.ActiveCfg = Debug|Any CPU
		{6607657D-70E9-4EBA-A34B-EF35E228C0D3}.Debug|x86.Build.0 = Debug|Any CPU
		{6607657D-70E9-4EBA-A34B-EF35E228C0D3}.Debug|x86.Deploy.0 = Debug|Any CPU
		{6607657D-70E9-4EBA-A34B-EF35E228C0D3}.Release|Any CPU.ActiveCfg = Release|Any CPU
		{6607657D-70E9-4EBA-A34B-EF35E228C0D3}.Release|ARM.ActiveCfg = Release|Any CPU
		{6607657D-70E9-4EBA-A34B-EF35E228C0D3}.Release|ARM.Build.0 = Release|Any CPU
		{6607657D-70E9-4EBA-A34B-EF35E228C0D3}.Release|ARM.Deploy.0 = Release|Any CPU
		{6607657D-70E9-4EBA-A34B-EF35E228C0D3}.Release|iPhone.ActiveCfg = Release|Any CPU
		{6607657D-70E9-4EBA-A34B-EF35E228C0D3}.Release|iPhone.Build.0 = Release|Any CPU
		{6607657D-70E9-4EBA-A34B-EF35E228C0D3}.Release|iPhone.Deploy.0 = Release|Any CPU
		{6607657D-70E9-4EBA-A34B-EF35E228C0D3}.Release|iPhoneSimulator.ActiveCfg = Release|Any CPU
		{6607657D-70E9-4EBA-A34B-EF35E228C0D3}.Release|iPhoneSimulator.Build.0 = Release|Any CPU
		{6607657D-70E9-4EBA-A34B-EF35E228C0D3}.Release|iPhoneSimulator.Deploy.0 = Release|Any CPU
		{6607657D-70E9-4EBA-A34B-EF35E228C0D3}.Release|x64.ActiveCfg = Release|Any CPU
		{6607657D-70E9-4EBA-A34B-EF35E228C0D3}.Release|x64.Build.0 = Release|Any CPU
		{6607657D-70E9-4EBA-A34B-EF35E228C0D3}.Release|x64.Deploy.0 = Release|Any CPU
		{6607657D-70E9-4EBA-A34B-EF35E228C0D3}.Release|x86.ActiveCfg = Release|Any CPU
		{6607657D-70E9-4EBA-A34B-EF35E228C0D3}.Release|x86.Build.0 = Release|Any CPU
		{6607657D-70E9-4EBA-A34B-EF35E228C0D3}.Release|x86.Deploy.0 = Release|Any CPU
		{9A2DF2D5-8878-41B4-93A1-CF9A8C588FF1}.Ad-Hoc|Any CPU.ActiveCfg = Release|Any CPU
		{9A2DF2D5-8878-41B4-93A1-CF9A8C588FF1}.Ad-Hoc|Any CPU.Build.0 = Release|Any CPU
		{9A2DF2D5-8878-41B4-93A1-CF9A8C588FF1}.Ad-Hoc|ARM.ActiveCfg = Release|Any CPU
		{9A2DF2D5-8878-41B4-93A1-CF9A8C588FF1}.Ad-Hoc|ARM.Build.0 = Release|Any CPU
		{9A2DF2D5-8878-41B4-93A1-CF9A8C588FF1}.Ad-Hoc|iPhone.ActiveCfg = Release|Any CPU
		{9A2DF2D5-8878-41B4-93A1-CF9A8C588FF1}.Ad-Hoc|iPhone.Build.0 = Release|Any CPU
		{9A2DF2D5-8878-41B4-93A1-CF9A8C588FF1}.Ad-Hoc|iPhoneSimulator.ActiveCfg = Release|Any CPU
		{9A2DF2D5-8878-41B4-93A1-CF9A8C588FF1}.Ad-Hoc|iPhoneSimulator.Build.0 = Release|Any CPU
		{9A2DF2D5-8878-41B4-93A1-CF9A8C588FF1}.Ad-Hoc|x64.ActiveCfg = Release|Any CPU
		{9A2DF2D5-8878-41B4-93A1-CF9A8C588FF1}.Ad-Hoc|x64.Build.0 = Release|Any CPU
		{9A2DF2D5-8878-41B4-93A1-CF9A8C588FF1}.Ad-Hoc|x86.ActiveCfg = Release|Any CPU
		{9A2DF2D5-8878-41B4-93A1-CF9A8C588FF1}.Ad-Hoc|x86.Build.0 = Release|Any CPU
		{9A2DF2D5-8878-41B4-93A1-CF9A8C588FF1}.AppStore|Any CPU.ActiveCfg = Release|Any CPU
		{9A2DF2D5-8878-41B4-93A1-CF9A8C588FF1}.AppStore|Any CPU.Build.0 = Release|Any CPU
		{9A2DF2D5-8878-41B4-93A1-CF9A8C588FF1}.AppStore|ARM.ActiveCfg = Release|Any CPU
		{9A2DF2D5-8878-41B4-93A1-CF9A8C588FF1}.AppStore|ARM.Build.0 = Release|Any CPU
		{9A2DF2D5-8878-41B4-93A1-CF9A8C588FF1}.AppStore|iPhone.ActiveCfg = Release|Any CPU
		{9A2DF2D5-8878-41B4-93A1-CF9A8C588FF1}.AppStore|iPhone.Build.0 = Release|Any CPU
		{9A2DF2D5-8878-41B4-93A1-CF9A8C588FF1}.AppStore|iPhoneSimulator.ActiveCfg = Release|Any CPU
		{9A2DF2D5-8878-41B4-93A1-CF9A8C588FF1}.AppStore|iPhoneSimulator.Build.0 = Release|Any CPU
		{9A2DF2D5-8878-41B4-93A1-CF9A8C588FF1}.AppStore|x64.ActiveCfg = Release|Any CPU
		{9A2DF2D5-8878-41B4-93A1-CF9A8C588FF1}.AppStore|x64.Build.0 = Release|Any CPU
		{9A2DF2D5-8878-41B4-93A1-CF9A8C588FF1}.AppStore|x86.ActiveCfg = Release|Any CPU
		{9A2DF2D5-8878-41B4-93A1-CF9A8C588FF1}.AppStore|x86.Build.0 = Release|Any CPU
		{9A2DF2D5-8878-41B4-93A1-CF9A8C588FF1}.Debug|Any CPU.ActiveCfg = Debug|Any CPU
		{9A2DF2D5-8878-41B4-93A1-CF9A8C588FF1}.Debug|Any CPU.Build.0 = Debug|Any CPU
		{9A2DF2D5-8878-41B4-93A1-CF9A8C588FF1}.Debug|ARM.ActiveCfg = Debug|Any CPU
		{9A2DF2D5-8878-41B4-93A1-CF9A8C588FF1}.Debug|ARM.Build.0 = Debug|Any CPU
		{9A2DF2D5-8878-41B4-93A1-CF9A8C588FF1}.Debug|iPhone.ActiveCfg = Debug|Any CPU
		{9A2DF2D5-8878-41B4-93A1-CF9A8C588FF1}.Debug|iPhone.Build.0 = Debug|Any CPU
		{9A2DF2D5-8878-41B4-93A1-CF9A8C588FF1}.Debug|iPhoneSimulator.ActiveCfg = Debug|Any CPU
		{9A2DF2D5-8878-41B4-93A1-CF9A8C588FF1}.Debug|iPhoneSimulator.Build.0 = Debug|Any CPU
		{9A2DF2D5-8878-41B4-93A1-CF9A8C588FF1}.Debug|x64.ActiveCfg = Debug|Any CPU
		{9A2DF2D5-8878-41B4-93A1-CF9A8C588FF1}.Debug|x64.Build.0 = Debug|Any CPU
		{9A2DF2D5-8878-41B4-93A1-CF9A8C588FF1}.Debug|x86.ActiveCfg = Debug|Any CPU
		{9A2DF2D5-8878-41B4-93A1-CF9A8C588FF1}.Debug|x86.Build.0 = Debug|Any CPU
		{9A2DF2D5-8878-41B4-93A1-CF9A8C588FF1}.Release|Any CPU.ActiveCfg = Release|Any CPU
		{9A2DF2D5-8878-41B4-93A1-CF9A8C588FF1}.Release|ARM.ActiveCfg = Release|Any CPU
		{9A2DF2D5-8878-41B4-93A1-CF9A8C588FF1}.Release|ARM.Build.0 = Release|Any CPU
		{9A2DF2D5-8878-41B4-93A1-CF9A8C588FF1}.Release|iPhone.ActiveCfg = Release|Any CPU
		{9A2DF2D5-8878-41B4-93A1-CF9A8C588FF1}.Release|iPhone.Build.0 = Release|Any CPU
		{9A2DF2D5-8878-41B4-93A1-CF9A8C588FF1}.Release|iPhoneSimulator.ActiveCfg = Release|Any CPU
		{9A2DF2D5-8878-41B4-93A1-CF9A8C588FF1}.Release|iPhoneSimulator.Build.0 = Release|Any CPU
		{9A2DF2D5-8878-41B4-93A1-CF9A8C588FF1}.Release|x64.ActiveCfg = Release|Any CPU
		{9A2DF2D5-8878-41B4-93A1-CF9A8C588FF1}.Release|x64.Build.0 = Release|Any CPU
		{9A2DF2D5-8878-41B4-93A1-CF9A8C588FF1}.Release|x86.ActiveCfg = Release|Any CPU
		{9A2DF2D5-8878-41B4-93A1-CF9A8C588FF1}.Release|x86.Build.0 = Release|Any CPU
		{11A58F6D-F81C-4A88-A70B-6AD595E94983}.Ad-Hoc|Any CPU.ActiveCfg = Ad-Hoc|iPhone
		{11A58F6D-F81C-4A88-A70B-6AD595E94983}.Ad-Hoc|ARM.ActiveCfg = Ad-Hoc|iPhone
		{11A58F6D-F81C-4A88-A70B-6AD595E94983}.Ad-Hoc|iPhone.ActiveCfg = Ad-Hoc|iPhone
		{11A58F6D-F81C-4A88-A70B-6AD595E94983}.Ad-Hoc|iPhone.Build.0 = Ad-Hoc|iPhone
		{11A58F6D-F81C-4A88-A70B-6AD595E94983}.Ad-Hoc|iPhoneSimulator.ActiveCfg = Ad-Hoc|iPhoneSimulator
		{11A58F6D-F81C-4A88-A70B-6AD595E94983}.Ad-Hoc|iPhoneSimulator.Build.0 = Ad-Hoc|iPhoneSimulator
		{11A58F6D-F81C-4A88-A70B-6AD595E94983}.Ad-Hoc|x64.ActiveCfg = Ad-Hoc|iPhone
		{11A58F6D-F81C-4A88-A70B-6AD595E94983}.Ad-Hoc|x86.ActiveCfg = Ad-Hoc|iPhone
		{11A58F6D-F81C-4A88-A70B-6AD595E94983}.AppStore|Any CPU.ActiveCfg = AppStore|iPhone
		{11A58F6D-F81C-4A88-A70B-6AD595E94983}.AppStore|ARM.ActiveCfg = AppStore|iPhone
		{11A58F6D-F81C-4A88-A70B-6AD595E94983}.AppStore|iPhone.ActiveCfg = AppStore|iPhone
		{11A58F6D-F81C-4A88-A70B-6AD595E94983}.AppStore|iPhone.Build.0 = AppStore|iPhone
		{11A58F6D-F81C-4A88-A70B-6AD595E94983}.AppStore|iPhoneSimulator.ActiveCfg = AppStore|iPhoneSimulator
		{11A58F6D-F81C-4A88-A70B-6AD595E94983}.AppStore|iPhoneSimulator.Build.0 = AppStore|iPhoneSimulator
		{11A58F6D-F81C-4A88-A70B-6AD595E94983}.AppStore|x64.ActiveCfg = AppStore|iPhone
		{11A58F6D-F81C-4A88-A70B-6AD595E94983}.AppStore|x86.ActiveCfg = AppStore|iPhone
		{11A58F6D-F81C-4A88-A70B-6AD595E94983}.Debug|Any CPU.ActiveCfg = Debug|iPhoneSimulator
		{11A58F6D-F81C-4A88-A70B-6AD595E94983}.Debug|Any CPU.Build.0 = Debug|iPhoneSimulator
		{11A58F6D-F81C-4A88-A70B-6AD595E94983}.Debug|ARM.ActiveCfg = Debug|iPhone
		{11A58F6D-F81C-4A88-A70B-6AD595E94983}.Debug|iPhone.ActiveCfg = Debug|iPhone
		{11A58F6D-F81C-4A88-A70B-6AD595E94983}.Debug|iPhone.Build.0 = Debug|iPhone
		{11A58F6D-F81C-4A88-A70B-6AD595E94983}.Debug|iPhoneSimulator.ActiveCfg = Debug|iPhoneSimulator
		{11A58F6D-F81C-4A88-A70B-6AD595E94983}.Debug|iPhoneSimulator.Build.0 = Debug|iPhoneSimulator
		{11A58F6D-F81C-4A88-A70B-6AD595E94983}.Debug|x64.ActiveCfg = Debug|iPhone
		{11A58F6D-F81C-4A88-A70B-6AD595E94983}.Debug|x86.ActiveCfg = Debug|iPhone
		{11A58F6D-F81C-4A88-A70B-6AD595E94983}.Release|Any CPU.ActiveCfg = Release|iPhone
		{11A58F6D-F81C-4A88-A70B-6AD595E94983}.Release|ARM.ActiveCfg = Release|iPhone
		{11A58F6D-F81C-4A88-A70B-6AD595E94983}.Release|iPhone.ActiveCfg = Release|iPhone
		{11A58F6D-F81C-4A88-A70B-6AD595E94983}.Release|iPhone.Build.0 = Release|iPhone
		{11A58F6D-F81C-4A88-A70B-6AD595E94983}.Release|iPhoneSimulator.ActiveCfg = Release|iPhoneSimulator
		{11A58F6D-F81C-4A88-A70B-6AD595E94983}.Release|iPhoneSimulator.Build.0 = Release|iPhoneSimulator
		{11A58F6D-F81C-4A88-A70B-6AD595E94983}.Release|x64.ActiveCfg = Release|iPhone
		{11A58F6D-F81C-4A88-A70B-6AD595E94983}.Release|x86.ActiveCfg = Release|iPhone
		{B77D8C04-0B76-4CD6-840F-CC5DC704F105}.Ad-Hoc|Any CPU.ActiveCfg = Release|x64
		{B77D8C04-0B76-4CD6-840F-CC5DC704F105}.Ad-Hoc|Any CPU.Build.0 = Release|x64
		{B77D8C04-0B76-4CD6-840F-CC5DC704F105}.Ad-Hoc|Any CPU.Deploy.0 = Release|x64
		{B77D8C04-0B76-4CD6-840F-CC5DC704F105}.Ad-Hoc|ARM.ActiveCfg = Release|ARM
		{B77D8C04-0B76-4CD6-840F-CC5DC704F105}.Ad-Hoc|ARM.Build.0 = Release|ARM
		{B77D8C04-0B76-4CD6-840F-CC5DC704F105}.Ad-Hoc|ARM.Deploy.0 = Release|ARM
		{B77D8C04-0B76-4CD6-840F-CC5DC704F105}.Ad-Hoc|iPhone.ActiveCfg = Release|x64
		{B77D8C04-0B76-4CD6-840F-CC5DC704F105}.Ad-Hoc|iPhone.Build.0 = Release|x64
		{B77D8C04-0B76-4CD6-840F-CC5DC704F105}.Ad-Hoc|iPhone.Deploy.0 = Release|x64
		{B77D8C04-0B76-4CD6-840F-CC5DC704F105}.Ad-Hoc|iPhoneSimulator.ActiveCfg = Release|x64
		{B77D8C04-0B76-4CD6-840F-CC5DC704F105}.Ad-Hoc|iPhoneSimulator.Build.0 = Release|x64
		{B77D8C04-0B76-4CD6-840F-CC5DC704F105}.Ad-Hoc|iPhoneSimulator.Deploy.0 = Release|x64
		{B77D8C04-0B76-4CD6-840F-CC5DC704F105}.Ad-Hoc|x64.ActiveCfg = Release|x64
		{B77D8C04-0B76-4CD6-840F-CC5DC704F105}.Ad-Hoc|x64.Build.0 = Release|x64
		{B77D8C04-0B76-4CD6-840F-CC5DC704F105}.Ad-Hoc|x64.Deploy.0 = Release|x64
		{B77D8C04-0B76-4CD6-840F-CC5DC704F105}.Ad-Hoc|x86.ActiveCfg = Release|x86
		{B77D8C04-0B76-4CD6-840F-CC5DC704F105}.Ad-Hoc|x86.Build.0 = Release|x86
		{B77D8C04-0B76-4CD6-840F-CC5DC704F105}.Ad-Hoc|x86.Deploy.0 = Release|x86
		{B77D8C04-0B76-4CD6-840F-CC5DC704F105}.AppStore|Any CPU.ActiveCfg = Release|x64
		{B77D8C04-0B76-4CD6-840F-CC5DC704F105}.AppStore|Any CPU.Build.0 = Release|x64
		{B77D8C04-0B76-4CD6-840F-CC5DC704F105}.AppStore|Any CPU.Deploy.0 = Release|x64
		{B77D8C04-0B76-4CD6-840F-CC5DC704F105}.AppStore|ARM.ActiveCfg = Release|ARM
		{B77D8C04-0B76-4CD6-840F-CC5DC704F105}.AppStore|ARM.Build.0 = Release|ARM
		{B77D8C04-0B76-4CD6-840F-CC5DC704F105}.AppStore|ARM.Deploy.0 = Release|ARM
		{B77D8C04-0B76-4CD6-840F-CC5DC704F105}.AppStore|iPhone.ActiveCfg = Release|x64
		{B77D8C04-0B76-4CD6-840F-CC5DC704F105}.AppStore|iPhone.Build.0 = Release|x64
		{B77D8C04-0B76-4CD6-840F-CC5DC704F105}.AppStore|iPhone.Deploy.0 = Release|x64
		{B77D8C04-0B76-4CD6-840F-CC5DC704F105}.AppStore|iPhoneSimulator.ActiveCfg = Release|x64
		{B77D8C04-0B76-4CD6-840F-CC5DC704F105}.AppStore|iPhoneSimulator.Build.0 = Release|x64
		{B77D8C04-0B76-4CD6-840F-CC5DC704F105}.AppStore|iPhoneSimulator.Deploy.0 = Release|x64
		{B77D8C04-0B76-4CD6-840F-CC5DC704F105}.AppStore|x64.ActiveCfg = Release|x64
		{B77D8C04-0B76-4CD6-840F-CC5DC704F105}.AppStore|x64.Build.0 = Release|x64
		{B77D8C04-0B76-4CD6-840F-CC5DC704F105}.AppStore|x64.Deploy.0 = Release|x64
		{B77D8C04-0B76-4CD6-840F-CC5DC704F105}.AppStore|x86.ActiveCfg = Release|x86
		{B77D8C04-0B76-4CD6-840F-CC5DC704F105}.AppStore|x86.Build.0 = Release|x86
		{B77D8C04-0B76-4CD6-840F-CC5DC704F105}.AppStore|x86.Deploy.0 = Release|x86
		{B77D8C04-0B76-4CD6-840F-CC5DC704F105}.Debug|Any CPU.ActiveCfg = Debug|x86
		{B77D8C04-0B76-4CD6-840F-CC5DC704F105}.Debug|ARM.ActiveCfg = Debug|ARM
		{B77D8C04-0B76-4CD6-840F-CC5DC704F105}.Debug|ARM.Build.0 = Debug|ARM
		{B77D8C04-0B76-4CD6-840F-CC5DC704F105}.Debug|ARM.Deploy.0 = Debug|ARM
		{B77D8C04-0B76-4CD6-840F-CC5DC704F105}.Debug|iPhone.ActiveCfg = Debug|x86
		{B77D8C04-0B76-4CD6-840F-CC5DC704F105}.Debug|iPhoneSimulator.ActiveCfg = Debug|x86
		{B77D8C04-0B76-4CD6-840F-CC5DC704F105}.Debug|x64.ActiveCfg = Debug|x64
		{B77D8C04-0B76-4CD6-840F-CC5DC704F105}.Debug|x64.Build.0 = Debug|x64
		{B77D8C04-0B76-4CD6-840F-CC5DC704F105}.Debug|x64.Deploy.0 = Debug|x64
		{B77D8C04-0B76-4CD6-840F-CC5DC704F105}.Debug|x86.ActiveCfg = Debug|x86
		{B77D8C04-0B76-4CD6-840F-CC5DC704F105}.Debug|x86.Build.0 = Debug|x86
		{B77D8C04-0B76-4CD6-840F-CC5DC704F105}.Debug|x86.Deploy.0 = Debug|x86
		{B77D8C04-0B76-4CD6-840F-CC5DC704F105}.Release|Any CPU.ActiveCfg = Release|x86
		{B77D8C04-0B76-4CD6-840F-CC5DC704F105}.Release|ARM.ActiveCfg = Release|ARM
		{B77D8C04-0B76-4CD6-840F-CC5DC704F105}.Release|ARM.Build.0 = Release|ARM
		{B77D8C04-0B76-4CD6-840F-CC5DC704F105}.Release|ARM.Deploy.0 = Release|ARM
		{B77D8C04-0B76-4CD6-840F-CC5DC704F105}.Release|iPhone.ActiveCfg = Release|x86
		{B77D8C04-0B76-4CD6-840F-CC5DC704F105}.Release|iPhoneSimulator.ActiveCfg = Release|x86
		{B77D8C04-0B76-4CD6-840F-CC5DC704F105}.Release|x64.ActiveCfg = Release|x64
		{B77D8C04-0B76-4CD6-840F-CC5DC704F105}.Release|x64.Build.0 = Release|x64
		{B77D8C04-0B76-4CD6-840F-CC5DC704F105}.Release|x64.Deploy.0 = Release|x64
		{B77D8C04-0B76-4CD6-840F-CC5DC704F105}.Release|x86.ActiveCfg = Release|x86
		{B77D8C04-0B76-4CD6-840F-CC5DC704F105}.Release|x86.Build.0 = Release|x86
		{B77D8C04-0B76-4CD6-840F-CC5DC704F105}.Release|x86.Deploy.0 = Release|x86
		{FA4A1B28-452F-4B81-A266-5E3498D04EC0}.Ad-Hoc|Any CPU.ActiveCfg = Release|Any CPU
		{FA4A1B28-452F-4B81-A266-5E3498D04EC0}.Ad-Hoc|Any CPU.Build.0 = Release|Any CPU
		{FA4A1B28-452F-4B81-A266-5E3498D04EC0}.Ad-Hoc|ARM.ActiveCfg = Release|Any CPU
		{FA4A1B28-452F-4B81-A266-5E3498D04EC0}.Ad-Hoc|ARM.Build.0 = Release|Any CPU
		{FA4A1B28-452F-4B81-A266-5E3498D04EC0}.Ad-Hoc|iPhone.ActiveCfg = Release|Any CPU
		{FA4A1B28-452F-4B81-A266-5E3498D04EC0}.Ad-Hoc|iPhone.Build.0 = Release|Any CPU
		{FA4A1B28-452F-4B81-A266-5E3498D04EC0}.Ad-Hoc|iPhoneSimulator.ActiveCfg = Release|Any CPU
		{FA4A1B28-452F-4B81-A266-5E3498D04EC0}.Ad-Hoc|iPhoneSimulator.Build.0 = Release|Any CPU
		{FA4A1B28-452F-4B81-A266-5E3498D04EC0}.Ad-Hoc|x64.ActiveCfg = Release|Any CPU
		{FA4A1B28-452F-4B81-A266-5E3498D04EC0}.Ad-Hoc|x64.Build.0 = Release|Any CPU
		{FA4A1B28-452F-4B81-A266-5E3498D04EC0}.Ad-Hoc|x86.ActiveCfg = Release|Any CPU
		{FA4A1B28-452F-4B81-A266-5E3498D04EC0}.Ad-Hoc|x86.Build.0 = Release|Any CPU
		{FA4A1B28-452F-4B81-A266-5E3498D04EC0}.AppStore|Any CPU.ActiveCfg = Release|Any CPU
		{FA4A1B28-452F-4B81-A266-5E3498D04EC0}.AppStore|Any CPU.Build.0 = Release|Any CPU
		{FA4A1B28-452F-4B81-A266-5E3498D04EC0}.AppStore|ARM.ActiveCfg = Release|Any CPU
		{FA4A1B28-452F-4B81-A266-5E3498D04EC0}.AppStore|ARM.Build.0 = Release|Any CPU
		{FA4A1B28-452F-4B81-A266-5E3498D04EC0}.AppStore|iPhone.ActiveCfg = Release|Any CPU
		{FA4A1B28-452F-4B81-A266-5E3498D04EC0}.AppStore|iPhone.Build.0 = Release|Any CPU
		{FA4A1B28-452F-4B81-A266-5E3498D04EC0}.AppStore|iPhoneSimulator.ActiveCfg = Release|Any CPU
		{FA4A1B28-452F-4B81-A266-5E3498D04EC0}.AppStore|iPhoneSimulator.Build.0 = Release|Any CPU
		{FA4A1B28-452F-4B81-A266-5E3498D04EC0}.AppStore|x64.ActiveCfg = Release|Any CPU
		{FA4A1B28-452F-4B81-A266-5E3498D04EC0}.AppStore|x64.Build.0 = Release|Any CPU
		{FA4A1B28-452F-4B81-A266-5E3498D04EC0}.AppStore|x86.ActiveCfg = Release|Any CPU
		{FA4A1B28-452F-4B81-A266-5E3498D04EC0}.AppStore|x86.Build.0 = Release|Any CPU
		{FA4A1B28-452F-4B81-A266-5E3498D04EC0}.Debug|Any CPU.ActiveCfg = Debug|Any CPU
		{FA4A1B28-452F-4B81-A266-5E3498D04EC0}.Debug|Any CPU.Build.0 = Debug|Any CPU
		{FA4A1B28-452F-4B81-A266-5E3498D04EC0}.Debug|ARM.ActiveCfg = Debug|Any CPU
		{FA4A1B28-452F-4B81-A266-5E3498D04EC0}.Debug|ARM.Build.0 = Debug|Any CPU
		{FA4A1B28-452F-4B81-A266-5E3498D04EC0}.Debug|iPhone.ActiveCfg = Debug|Any CPU
		{FA4A1B28-452F-4B81-A266-5E3498D04EC0}.Debug|iPhone.Build.0 = Debug|Any CPU
		{FA4A1B28-452F-4B81-A266-5E3498D04EC0}.Debug|iPhoneSimulator.ActiveCfg = Debug|Any CPU
		{FA4A1B28-452F-4B81-A266-5E3498D04EC0}.Debug|iPhoneSimulator.Build.0 = Debug|Any CPU
		{FA4A1B28-452F-4B81-A266-5E3498D04EC0}.Debug|x64.ActiveCfg = Debug|Any CPU
		{FA4A1B28-452F-4B81-A266-5E3498D04EC0}.Debug|x64.Build.0 = Debug|Any CPU
		{FA4A1B28-452F-4B81-A266-5E3498D04EC0}.Debug|x86.ActiveCfg = Debug|Any CPU
		{FA4A1B28-452F-4B81-A266-5E3498D04EC0}.Debug|x86.Build.0 = Debug|Any CPU
		{FA4A1B28-452F-4B81-A266-5E3498D04EC0}.Release|Any CPU.ActiveCfg = Release|Any CPU
		{FA4A1B28-452F-4B81-A266-5E3498D04EC0}.Release|Any CPU.Build.0 = Release|Any CPU
		{FA4A1B28-452F-4B81-A266-5E3498D04EC0}.Release|ARM.ActiveCfg = Release|Any CPU
		{FA4A1B28-452F-4B81-A266-5E3498D04EC0}.Release|ARM.Build.0 = Release|Any CPU
		{FA4A1B28-452F-4B81-A266-5E3498D04EC0}.Release|iPhone.ActiveCfg = Release|Any CPU
		{FA4A1B28-452F-4B81-A266-5E3498D04EC0}.Release|iPhone.Build.0 = Release|Any CPU
		{FA4A1B28-452F-4B81-A266-5E3498D04EC0}.Release|iPhoneSimulator.ActiveCfg = Release|Any CPU
		{FA4A1B28-452F-4B81-A266-5E3498D04EC0}.Release|iPhoneSimulator.Build.0 = Release|Any CPU
		{FA4A1B28-452F-4B81-A266-5E3498D04EC0}.Release|x64.ActiveCfg = Release|Any CPU
		{FA4A1B28-452F-4B81-A266-5E3498D04EC0}.Release|x64.Build.0 = Release|Any CPU
		{FA4A1B28-452F-4B81-A266-5E3498D04EC0}.Release|x86.ActiveCfg = Release|Any CPU
		{FA4A1B28-452F-4B81-A266-5E3498D04EC0}.Release|x86.Build.0 = Release|Any CPU
	EndGlobalSection
	GlobalSection(SolutionProperties) = preSolution
		HideSolutionNode = FALSE
	EndGlobalSection
	GlobalSection(ExtensibilityGlobals) = postSolution
		SolutionGuid = {F5399188-2304-4703-A27B-E19C3C4F7F2B}
	EndGlobalSection
EndGlobal
